// !$*UTF8*$!
{
	archiveVersion = 1;
	classes = {
	};
	objectVersion = 46;
	objects = {

/* Begin PBXBuildFile section */
		86A58D6C1B35F39700D99ABC /* AppDelegate.swift in Sources */ = {isa = PBXBuildFile; fileRef = 86A58D6B1B35F39700D99ABC /* AppDelegate.swift */; };
		86A58D6E1B35F39700D99ABC /* ViewController.swift in Sources */ = {isa = PBXBuildFile; fileRef = 86A58D6D1B35F39700D99ABC /* ViewController.swift */; };
		86A58D711B35F39700D99ABC /* Main.storyboard in Resources */ = {isa = PBXBuildFile; fileRef = 86A58D6F1B35F39700D99ABC /* Main.storyboard */; };
		86A58D731B35F39700D99ABC /* Images.xcassets in Resources */ = {isa = PBXBuildFile; fileRef = 86A58D721B35F39700D99ABC /* Images.xcassets */; };
		86A58D761B35F39700D99ABC /* LaunchScreen.xib in Resources */ = {isa = PBXBuildFile; fileRef = 86A58D741B35F39700D99ABC /* LaunchScreen.xib */; };
		86A58D821B35F39700D99ABC /* FlickFinderTests.swift in Sources */ = {isa = PBXBuildFile; fileRef = 86A58D811B35F39700D99ABC /* FlickFinderTests.swift */; };
		86F768FD1B373FF20011E44B /* AppDefinitionStatement.rtf in Resources */ = {isa = PBXBuildFile; fileRef = 86F768FC1B373FF20011E44B /* AppDefinitionStatement.rtf */; };
/* End PBXBuildFile section */

/* Begin PBXContainerItemProxy section */
		86A58D7C1B35F39700D99ABC /* PBXContainerItemProxy */ = {
			isa = PBXContainerItemProxy;
			containerPortal = 86A58D5E1B35F39700D99ABC /* Project object */;
			proxyType = 1;
			remoteGlobalIDString = 86A58D651B35F39700D99ABC;
			remoteInfo = FlickFinder;
		};
/* End PBXContainerItemProxy section */

/* Begin PBXFileReference section */
		86A58D661B35F39700D99ABC /* FlickFinder.app */ = {isa = PBXFileReference; explicitFileType = wrapper.application; includeInIndex = 0; path = FlickFinder.app; sourceTree = BUILT_PRODUCTS_DIR; };
		86A58D6A1B35F39700D99ABC /* Info.plist */ = {isa = PBXFileReference; lastKnownFileType = text.plist.xml; path = Info.plist; sourceTree = "<group>"; };
		86A58D6B1B35F39700D99ABC /* AppDelegate.swift */ = {isa = PBXFileReference; lastKnownFileType = sourcecode.swift; path = AppDelegate.swift; sourceTree = "<group>"; };
		86A58D6D1B35F39700D99ABC /* ViewController.swift */ = {isa = PBXFileReference; lastKnownFileType = sourcecode.swift; path = ViewController.swift; sourceTree = "<group>"; };
		86A58D701B35F39700D99ABC /* Base */ = {isa = PBXFileReference; lastKnownFileType = file.storyboard; name = Base; path = Base.lproj/Main.storyboard; sourceTree = "<group>"; };
		86A58D721B35F39700D99ABC /* Images.xcassets */ = {isa = PBXFileReference; lastKnownFileType = folder.assetcatalog; path = Images.xcassets; sourceTree = "<group>"; };
		86A58D751B35F39700D99ABC /* Base */ = {isa = PBXFileReference; lastKnownFileType = file.xib; name = Base; path = Base.lproj/LaunchScreen.xib; sourceTree = "<group>"; };
		86A58D7B1B35F39700D99ABC /* FlickFinderTests.xctest */ = {isa = PBXFileReference; explicitFileType = wrapper.cfbundle; includeInIndex = 0; path = FlickFinderTests.xctest; sourceTree = BUILT_PRODUCTS_DIR; };
		86A58D801B35F39700D99ABC /* Info.plist */ = {isa = PBXFileReference; lastKnownFileType = text.plist.xml; path = Info.plist; sourceTree = "<group>"; };
		86A58D811B35F39700D99ABC /* FlickFinderTests.swift */ = {isa = PBXFileReference; lastKnownFileType = sourcecode.swift; path = FlickFinderTests.swift; sourceTree = "<group>"; };
		86F768FC1B373FF20011E44B /* AppDefinitionStatement.rtf */ = {isa = PBXFileReference; fileEncoding = 4; lastKnownFileType = text.rtf; path = AppDefinitionStatement.rtf; sourceTree = "<group>"; };
/* End PBXFileReference section */

/* Begin PBXFrameworksBuildPhase section */
		86A58D631B35F39700D99ABC /* Frameworks */ = {
			isa = PBXFrameworksBuildPhase;
			buildActionMask = 2147483647;
			files = (
			);
			runOnlyForDeploymentPostprocessing = 0;
		};
		86A58D781B35F39700D99ABC /* Frameworks */ = {
			isa = PBXFrameworksBuildPhase;
			buildActionMask = 2147483647;
			files = (
			);
			runOnlyForDeploymentPostprocessing = 0;
		};
/* End PBXFrameworksBuildPhase section */

/* Begin PBXGroup section */
		86A58D5D1B35F39700D99ABC = {
			isa = PBXGroup;
			children = (
				86F768FC1B373FF20011E44B /* AppDefinitionStatement.rtf */,
				86A58D681B35F39700D99ABC /* FlickFinder */,
				86A58D7E1B35F39700D99ABC /* FlickFinderTests */,
				86A58D671B35F39700D99ABC /* Products */,
			);
			sourceTree = "<group>";
		};
		86A58D671B35F39700D99ABC /* Products */ = {
			isa = PBXGroup;
			children = (
				86A58D661B35F39700D99ABC /* FlickFinder.app */,
				86A58D7B1B35F39700D99ABC /* FlickFinderTests.xctest */,
			);
			name = Products;
			sourceTree = "<group>";
		};
		86A58D681B35F39700D99ABC /* FlickFinder */ = {
			isa = PBXGroup;
			children = (
				86A58D6B1B35F39700D99ABC /* AppDelegate.swift */,
				86A58D6D1B35F39700D99ABC /* ViewController.swift */,
				86A58D6F1B35F39700D99ABC /* Main.storyboard */,
				86A58D721B35F39700D99ABC /* Images.xcassets */,
				86A58D741B35F39700D99ABC /* LaunchScreen.xib */,
				86A58D691B35F39700D99ABC /* Supporting Files */,
			);
			path = FlickFinder;
			sourceTree = "<group>";
		};
		86A58D691B35F39700D99ABC /* Supporting Files */ = {
			isa = PBXGroup;
			children = (
				86A58D6A1B35F39700D99ABC /* Info.plist */,
			);
			name = "Supporting Files";
			sourceTree = "<group>";
		};
		86A58D7E1B35F39700D99ABC /* FlickFinderTests */ = {
			isa = PBXGroup;
			children = (
				86A58D811B35F39700D99ABC /* FlickFinderTests.swift */,
				86A58D7F1B35F39700D99ABC /* Supporting Files */,
			);
			path = FlickFinderTests;
			sourceTree = "<group>";
		};
		86A58D7F1B35F39700D99ABC /* Supporting Files */ = {
			isa = PBXGroup;
			children = (
				86A58D801B35F39700D99ABC /* Info.plist */,
			);
			name = "Supporting Files";
			sourceTree = "<group>";
		};
/* End PBXGroup section */

/* Begin PBXNativeTarget section */
		86A58D651B35F39700D99ABC /* FlickFinder */ = {
			isa = PBXNativeTarget;
			buildConfigurationList = 86A58D851B35F39700D99ABC /* Build configuration list for PBXNativeTarget "FlickFinder" */;
			buildPhases = (
				86A58D621B35F39700D99ABC /* Sources */,
				86A58D631B35F39700D99ABC /* Frameworks */,
				86A58D641B35F39700D99ABC /* Resources */,
			);
			buildRules = (
			);
			dependencies = (
			);
			name = FlickFinder;
			productName = FlickFinder;
			productReference = 86A58D661B35F39700D99ABC /* FlickFinder.app */;
			productType = "com.apple.product-type.application";
		};
		86A58D7A1B35F39700D99ABC /* FlickFinderTests */ = {
			isa = PBXNativeTarget;
			buildConfigurationList = 86A58D881B35F39700D99ABC /* Build configuration list for PBXNativeTarget "FlickFinderTests" */;
			buildPhases = (
				86A58D771B35F39700D99ABC /* Sources */,
				86A58D781B35F39700D99ABC /* Frameworks */,
				86A58D791B35F39700D99ABC /* Resources */,
			);
			buildRules = (
			);
			dependencies = (
				86A58D7D1B35F39700D99ABC /* PBXTargetDependency */,
			);
			name = FlickFinderTests;
			productName = FlickFinderTests;
			productReference = 86A58D7B1B35F39700D99ABC /* FlickFinderTests.xctest */;
			productType = "com.apple.product-type.bundle.unit-test";
		};
/* End PBXNativeTarget section */

/* Begin PBXProject section */
		86A58D5E1B35F39700D99ABC /* Project object */ = {
			isa = PBXProject;
			attributes = {
				LastUpgradeCheck = 0630;
				ORGANIZATIONNAME = "Mitch Salcido";
				TargetAttributes = {
					86A58D651B35F39700D99ABC = {
						CreatedOnToolsVersion = 6.3.2;
					};
					86A58D7A1B35F39700D99ABC = {
						CreatedOnToolsVersion = 6.3.2;
						TestTargetID = 86A58D651B35F39700D99ABC;
					};
				};
			};
			buildConfigurationList = 86A58D611B35F39700D99ABC /* Build configuration list for PBXProject "FlickFinder" */;
			compatibilityVersion = "Xcode 3.2";
			developmentRegion = English;
			hasScannedForEncodings = 0;
			knownRegions = (
				en,
				Base,
			);
			mainGroup = 86A58D5D1B35F39700D99ABC;
			productRefGroup = 86A58D671B35F39700D99ABC /* Products */;
			projectDirPath = "";
			projectRoot = "";
			targets = (
				86A58D651B35F39700D99ABC /* FlickFinder */,
				86A58D7A1B35F39700D99ABC /* FlickFinderTests */,
			);
		};
/* End PBXProject section */

/* Begin PBXResourcesBuildPhase section */
		86A58D641B35F39700D99ABC /* Resources */ = {
			isa = PBXResourcesBuildPhase;
			buildActionMask = 2147483647;
			files = (
				86A58D711B35F39700D99ABC /* Main.storyboard in Resources */,
				86A58D761B35F39700D99ABC /* LaunchScreen.xib in Resources */,
				86A58D731B35F39700D99ABC /* Images.xcassets in Resources */,
				86F768FD1B373FF20011E44B /* AppDefinitionStatement.rtf in Resources */,
			);
			runOnlyForDeploymentPostprocessing = 0;
		};
		86A58D791B35F39700D99ABC /* Resources */ = {
			isa = PBXResourcesBuildPhase;
			buildActionMask = 2147483647;
			files = (
			);
			runOnlyForDeploymentPostprocessing = 0;
		};
/* End PBXResourcesBuildPhase section */

/* Begin PBXSourcesBuildPhase section */
		86A58D621B35F39700D99ABC /* Sources */ = {
			isa = PBXSourcesBuildPhase;
			buildActionMask = 2147483647;
			files = (
				86A58D6E1B35F39700D99ABC /* ViewController.swift in Sources */,
				86A58D6C1B35F39700D99ABC /* AppDelegate.swift in Sources */,
			);
			runOnlyForDeploymentPostprocessing = 0;
		};
		86A58D771B35F39700D99ABC /* Sources */ = {
			isa = PBXSourcesBuildPhase;
			buildActionMask = 2147483647;
			files = (
				86A58D821B35F39700D99ABC /* FlickFinderTests.swift in Sources */,
			);
			runOnlyForDeploymentPostprocessing = 0;
		};
/* End PBXSourcesBuildPhase section */

/* Begin PBXTargetDependency section */
		86A58D7D1B35F39700D99ABC /* PBXTargetDependency */ = {
			isa = PBXTargetDependency;
			target = 86A58D651B35F39700D99ABC /* FlickFinder */;
			targetProxy = 86A58D7C1B35F39700D99ABC /* PBXContainerItemProxy */;
		};
/* End PBXTargetDependency section */

/* Begin PBXVariantGroup section */
		86A58D6F1B35F39700D99ABC /* Main.storyboard */ = {
			isa = PBXVariantGroup;
			children = (
				86A58D701B35F39700D99ABC /* Base */,
			);
			name = Main.storyboard;
			sourceTree = "<group>";
		};
		86A58D741B35F39700D99ABC /* LaunchScreen.xib */ = {
			isa = PBXVariantGroup;
			children = (
				86A58D751B35F39700D99ABC /* Base */,
			);
			name = LaunchScreen.xib;
			sourceTree = "<group>";
		};
/* End PBXVariantGroup section */

/* Begin XCBuildConfiguration section */
		86A58D831B35F39700D99ABC /* Debug */ = {
			isa = XCBuildConfiguration;
			buildSettings = {
				ALWAYS_SEARCH_USER_PATHS = NO;
				CLANG_CXX_LANGUAGE_STANDARD = "gnu++0x";
				CLANG_CXX_LIBRARY = "libc++";
				CLANG_ENABLE_MODULES = YES;
				CLANG_ENABLE_OBJC_ARC = YES;
				CLANG_WARN_BOOL_CONVERSION = YES;
				CLANG_WARN_CONSTANT_CONVERSION = YES;
				CLANG_WARN_DIRECT_OBJC_ISA_USAGE = YES_ERROR;
				CLANG_WARN_EMPTY_BODY = YES;
				CLANG_WARN_ENUM_CONVERSION = YES;
				CLANG_WARN_INT_CONVERSION = YES;
				CLANG_WARN_OBJC_ROOT_CLASS = YES_ERROR;
				CLANG_WARN_UNREACHABLE_CODE = YES;
				CLANG_WARN__DUPLICATE_METHOD_MATCH = YES;
				"CODE_SIGN_IDENTITY[sdk=iphoneos*]" = "iPhone Developer";
				COPY_PHASE_STRIP = NO;
				DEBUG_INFORMATION_FORMAT = "dwarf-with-dsym";
				ENABLE_STRICT_OBJC_MSGSEND = YES;
				GCC_C_LANGUAGE_STANDARD = gnu99;
				GCC_DYNAMIC_NO_PIC = NO;
				GCC_NO_COMMON_BLOCKS = YES;
				GCC_OPTIMIZATION_LEVEL = 0;
				GCC_PREPROCESSOR_DEFINITIONS = (
					"DEBUG=1",
					"$(inherited)",
				);
				GCC_SYMBOLS_PRIVATE_EXTERN = NO;
				GCC_WARN_64_TO_32_BIT_CONVERSION = YES;
				GCC_WARN_ABOUT_RETURN_TYPE = YES_ERROR;
				GCC_WARN_UNDECLARED_SELECTOR = YES;
				GCC_WARN_UNINITIALIZED_AUTOS = YES_AGGRESSIVE;
				GCC_WARN_UNUSED_FUNCTION = YES;
				GCC_WARN_UNUSED_VARIABLE = YES;
				IPHONEOS_DEPLOYMENT_TARGET = 8.3;
				MTL_ENABLE_DEBUG_INFO = YES;
				ONLY_ACTIVE_ARCH = YES;
				SDKROOT = iphoneos;
				SWIFT_OPTIMIZATION_LEVEL = "-Onone";
			};
			name = Debug;
		};
		86A58D841B35F39700D99ABC /* Release */ = {
			isa = XCBuildConfiguration;
			buildSettings = {
				ALWAYS_SEARCH_USER_PATHS = NO;
				CLANG_CXX_LANGUAGE_STANDARD = "gnu++0x";
				CLANG_CXX_LIBRARY = "libc++";
				CLANG_ENABLE_MODULES = YES;
				CLANG_ENABLE_OBJC_ARC = YES;
				CLANG_WARN_BOOL_CONVERSION = YES;
				CLANG_WARN_CONSTANT_CONVERSION = YES;
				CLANG_WARN_DIRECT_OBJC_ISA_USAGE = YES_ERROR;
				CLANG_WARN_EMPTY_BODY = YES;
				CLANG_WARN_ENUM_CONVERSION = YES;
				CLANG_WARN_INT_CONVERSION = YES;
				CLANG_WARN_OBJC_ROOT_CLASS = YES_ERROR;
				CLANG_WARN_UNREACHABLE_CODE = YES;
				CLANG_WARN__DUPLICATE_METHOD_MATCH = YES;
				"CODE_SIGN_IDENTITY[sdk=iphoneos*]" = "iPhone Developer";
				COPY_PHASE_STRIP = NO;
				DEBUG_INFORMATION_FORMAT = "dwarf-with-dsym";
				ENABLE_NS_ASSERTIONS = NO;
				ENABLE_STRICT_OBJC_MSGSEND = YES;
				GCC_C_LANGUAGE_STANDARD = gnu99;
				GCC_NO_COMMON_BLOCKS = YES;
				GCC_WARN_64_TO_32_BIT_CONVERSION = YES;
				GCC_WARN_ABOUT_RETURN_TYPE = YES_ERROR;
				GCC_WARN_UNDECLARED_SELECTOR = YES;
				GCC_WARN_UNINITIALIZED_AUTOS = YES_AGGRESSIVE;
				GCC_WARN_UNUSED_FUNCTION = YES;
				GCC_WARN_UNUSED_VARIABLE = YES;
				IPHONEOS_DEPLOYMENT_TARGET = 8.3;
				MTL_ENABLE_DEBUG_INFO = NO;
				SDKROOT = iphoneos;
				VALIDATE_PRODUCT = YES;
			};
			name = Release;
		};
		86A58D861B35F39700D99ABC /* Debug */ = {
			isa = XCBuildConfiguration;
			buildSettings = {
				ASSETCATALOG_COMPILER_APPICON_NAME = AppIcon;
				INFOPLIST_FILE = FlickFinder/Info.plist;
				LD_RUNPATH_SEARCH_PATHS = "$(inherited) @executable_path/Frameworks";
				PRODUCT_NAME = "$(TARGET_NAME)";
			};
			name = Debug;
		};
		86A58D871B35F39700D99ABC /* Release */ = {
			isa = XCBuildConfiguration;
			buildSettings = {
				ASSETCATALOG_COMPILER_APPICON_NAME = AppIcon;
				INFOPLIST_FILE = FlickFinder/Info.plist;
				LD_RUNPATH_SEARCH_PATHS = "$(inherited) @executable_path/Frameworks";
				PRODUCT_NAME = "$(TARGET_NAME)";
			};
			name = Release;
		};
		86A58D891B35F39700D99ABC /* Debug */ = {
			isa = XCBuildConfiguration;
			buildSettings = {
				BUNDLE_LOADER = "$(TEST_HOST)";
				FRAMEWORK_SEARCH_PATHS = (
					"$(SDKROOT)/Developer/Library/Frameworks",
					"$(inherited)",
				);
				GCC_PREPROCESSOR_DEFINITIONS = (
					"DEBUG=1",
					"$(inherited)",
				);
				INFOPLIST_FILE = FlickFinderTests/Info.plist;
				LD_RUNPATH_SEARCH_PATHS = "$(inherited) @executable_path/Frameworks @loader_path/Frameworks";
				PRODUCT_NAME = "$(TARGET_NAME)";
				TEST_HOST = "$(BUILT_PRODUCTS_DIR)/FlickFinder.app/FlickFinder";
			};
			name = Debug;
		};
		86A58D8A1B35F39700D99ABC /* Release */ = {
			isa = XCBuildConfiguration;
			buildSettings = {
				BUNDLE_LOADER = "$(TEST_HOST)";
				FRAMEWORK_SEARCH_PATHS = (
					"$(SDKROOT)/Developer/Library/Frameworks",
					"$(inherited)",
				);
				INFOPLIST_FILE = FlickFinderTests/Info.plist;
				LD_RUNPATH_SEARCH_PATHS = "$(inherited) @executable_path/Frameworks @loader_path/Frameworks";
				PRODUCT_NAME = "$(TARGET_NAME)";
				TEST_HOST = "$(BUILT_PRODUCTS_DIR)/FlickFinder.app/FlickFinder";
			};
			name = Release;
		};
/* End XCBuildConfiguration section */

/* Begin XCConfigurationList section */
		86A58D611B35F39700D99ABC /* Build configuration list for PBXProject "FlickFinder" */ = {
			isa = XCConfigurationList;
			buildConfigurations = (
				86A58D831B35F39700D99ABC /* Debug */,
				86A58D841B35F39700D99ABC /* Release */,
			);
			defaultConfigurationIsVisible = 0;
			defaultConfigurationName = Release;
		};
		86A58D851B35F39700D99ABC /* Build configuration list for PBXNativeTarget "FlickFinder" */ = {
			isa = XCConfigurationList;
			buildConfigurations = (
				86A58D861B35F39700D99ABC /* Debug */,
				86A58D871B35F39700D99ABC /* Release */,
			);
			defaultConfigurationIsVisible = 0;
			defaultConfigurationName = Release;
		};
		86A58D881B35F39700D99ABC /* Build configuration list for PBXNativeTarget "FlickFinderTests" */ = {
			isa = XCConfigurationList;
			buildConfigurations = (
				86A58D891B35F39700D99ABC /* Debug */,
				86A58D8A1B35F39700D99ABC /* Release */,
			);
			defaultConfigurationIsVisible = 0;
			defaultConfigurationName = Release;
		};
/* End XCConfigurationList section */
	};
	rootObject = 86A58D5E1B35F39700D99ABC /* Project object */;
}
